
Microsoft Visual Studio Solution File, Format Version 12.00
# Visual Studio Version 17
VisualStudioVersion = 17.7.34018.315
MinimumVisualStudioVersion = 10.0.40219.1
Project("{FAE04EC0-301F-11D3-BF4B-00C04F79EFBC}") = "asp.net_exam", "asp.net_exam.csproj", "{CC839CD0-99AB-4003-B016-EDD09D4CF45B}"
EndProject
Global
	GlobalSection(SolutionConfigurationPlatforms) = preSolution
		Debug|Any CPU = Debug|Any CPU
		Release|Any CPU = Release|Any CPU
	EndGlobalSection
	GlobalSection(ProjectConfigurationPlatforms) = postSolution
		{CC839CD0-99AB-4003-B016-EDD09D4CF45B}.Debug|Any CPU.ActiveCfg = Debug|Any CPU
		{CC839CD0-99AB-4003-B016-EDD09D4CF45B}.Debug|Any CPU.Build.0 = Debug|Any CPU
		{CC839CD0-99AB-4003-B016-EDD09D4CF45B}.Release|Any CPU.ActiveCfg = Release|Any CPU
		{CC839CD0-99AB-4003-B016-EDD09D4CF45B}.Release|Any CPU.Build.0 = Release|Any CPU
	EndGlobalSection
	GlobalSection(SolutionProperties) = preSolution
		HideSolutionNode = FALSE
	EndGlobalSection
	GlobalSection(ExtensibilityGlobals) = postSolution
		SolutionGuid = {67EB4764-9DD9-41F1-A2EF-F5E781D2160B}
	EndGlobalSection
EndGlobal
